// !$*UTF8*$!
{
	archiveVersion = 1;
	classes = {
	};
	objectVersion = 46;
	objects = {

/* Begin PBXBuildFile section */
		657791361C40DC87006FD0E9 /* main.m in Sources */ = {isa = PBXBuildFile; fileRef = 657791351C40DC87006FD0E9 /* main.m */; };
		657791391C40DC87006FD0E9 /* AppDelegate.m in Sources */ = {isa = PBXBuildFile; fileRef = 657791381C40DC87006FD0E9 /* AppDelegate.m */; };
		6577913C1C40DC87006FD0E9 /* ViewController.m in Sources */ = {isa = PBXBuildFile; fileRef = 6577913B1C40DC87006FD0E9 /* ViewController.m */; };
		6577913F1C40DC87006FD0E9 /* Main.storyboard in Resources */ = {isa = PBXBuildFile; fileRef = 6577913D1C40DC87006FD0E9 /* Main.storyboard */; };
		657791411C40DC87006FD0E9 /* Assets.xcassets in Resources */ = {isa = PBXBuildFile; fileRef = 657791401C40DC87006FD0E9 /* Assets.xcassets */; };
		657791441C40DC87006FD0E9 /* LaunchScreen.storyboard in Resources */ = {isa = PBXBuildFile; fileRef = 657791421C40DC87006FD0E9 /* LaunchScreen.storyboard */; };
		6577914F1C40DC87006FD0E9 /* MyBalanceTests.m in Sources */ = {isa = PBXBuildFile; fileRef = 6577914E1C40DC87006FD0E9 /* MyBalanceTests.m */; };
		657791691C40EAE1006FD0E9 /* DataLoaderBoost.m in Sources */ = {isa = PBXBuildFile; fileRef = 657791681C40EAE1006FD0E9 /* DataLoaderBoost.m */; };
		6577916C1C40EBFC006FD0E9 /* DataLoader.m in Sources */ = {isa = PBXBuildFile; fileRef = 6577916B1C40EBFC006FD0E9 /* DataLoader.m */; };
		6577916E1C413A41006FD0E9 /* SafariServices.framework in Frameworks */ = {isa = PBXBuildFile; fileRef = 6577916D1C413A41006FD0E9 /* SafariServices.framework */; };
		657791761C41E1ED006FD0E9 /* NotificationCenter.framework in Frameworks */ = {isa = PBXBuildFile; fileRef = 657791751C41E1ED006FD0E9 /* NotificationCenter.framework */; };
		6577917A1C41E1ED006FD0E9 /* TodayViewController.m in Sources */ = {isa = PBXBuildFile; fileRef = 657791791C41E1ED006FD0E9 /* TodayViewController.m */; };
		6577917D1C41E1ED006FD0E9 /* MainInterface.storyboard in Resources */ = {isa = PBXBuildFile; fileRef = 6577917B1C41E1ED006FD0E9 /* MainInterface.storyboard */; };
		657791811C41E1ED006FD0E9 /* MyBalanceWidget.appex in Embed App Extensions */ = {isa = PBXBuildFile; fileRef = 657791731C41E1ED006FD0E9 /* MyBalanceWidget.appex */; settings = {ATTRIBUTES = (RemoveHeadersOnCopy, ); }; };
		657791861C426B15006FD0E9 /* DataLoaderBoost.m in Sources */ = {isa = PBXBuildFile; fileRef = 657791681C40EAE1006FD0E9 /* DataLoaderBoost.m */; };
		657791871C426B36006FD0E9 /* DataLoader.m in Sources */ = {isa = PBXBuildFile; fileRef = 6577916B1C40EBFC006FD0E9 /* DataLoader.m */; };
/* End PBXBuildFile section */

/* Begin PBXContainerItemProxy section */
		6577914B1C40DC87006FD0E9 /* PBXContainerItemProxy */ = {
			isa = PBXContainerItemProxy;
			containerPortal = 657791291C40DC87006FD0E9 /* Project object */;
			proxyType = 1;
			remoteGlobalIDString = 657791301C40DC87006FD0E9;
			remoteInfo = MyBalance;
		};
		657791561C40DC87006FD0E9 /* PBXContainerItemProxy */ = {
			isa = PBXContainerItemProxy;
			containerPortal = 657791291C40DC87006FD0E9 /* Project object */;
			proxyType = 1;
			remoteGlobalIDString = 657791301C40DC87006FD0E9;
			remoteInfo = MyBalance;
		};
		6577917F1C41E1ED006FD0E9 /* PBXContainerItemProxy */ = {
			isa = PBXContainerItemProxy;
			containerPortal = 657791291C40DC87006FD0E9 /* Project object */;
			proxyType = 1;
			remoteGlobalIDString = 657791721C41E1ED006FD0E9;
			remoteInfo = MyBalanceWidget;
		};
/* End PBXContainerItemProxy section */

/* Begin PBXCopyFilesBuildPhase section */
		657791851C41E1ED006FD0E9 /* Embed App Extensions */ = {
			isa = PBXCopyFilesBuildPhase;
			buildActionMask = 2147483647;
			dstPath = "";
			dstSubfolderSpec = 13;
			files = (
				657791811C41E1ED006FD0E9 /* MyBalanceWidget.appex in Embed App Extensions */,
			);
			name = "Embed App Extensions";
			runOnlyForDeploymentPostprocessing = 0;
		};
/* End PBXCopyFilesBuildPhase section */

/* Begin PBXFileReference section */
		657791311C40DC87006FD0E9 /* MyBalance.app */ = {isa = PBXFileReference; explicitFileType = wrapper.application; includeInIndex = 0; path = MyBalance.app; sourceTree = BUILT_PRODUCTS_DIR; };
		657791351C40DC87006FD0E9 /* main.m */ = {isa = PBXFileReference; lastKnownFileType = sourcecode.c.objc; path = main.m; sourceTree = "<group>"; };
		657791371C40DC87006FD0E9 /* AppDelegate.h */ = {isa = PBXFileReference; lastKnownFileType = sourcecode.c.h; path = AppDelegate.h; sourceTree = "<group>"; };
		657791381C40DC87006FD0E9 /* AppDelegate.m */ = {isa = PBXFileReference; lastKnownFileType = sourcecode.c.objc; path = AppDelegate.m; sourceTree = "<group>"; };
		6577913A1C40DC87006FD0E9 /* ViewController.h */ = {isa = PBXFileReference; lastKnownFileType = sourcecode.c.h; path = ViewController.h; sourceTree = "<group>"; };
		6577913B1C40DC87006FD0E9 /* ViewController.m */ = {isa = PBXFileReference; lastKnownFileType = sourcecode.c.objc; path = ViewController.m; sourceTree = "<group>"; };
		6577913E1C40DC87006FD0E9 /* Base */ = {isa = PBXFileReference; lastKnownFileType = file.storyboard; name = Base; path = Base.lproj/Main.storyboard; sourceTree = "<group>"; };
		657791401C40DC87006FD0E9 /* Assets.xcassets */ = {isa = PBXFileReference; lastKnownFileType = folder.assetcatalog; path = Assets.xcassets; sourceTree = "<group>"; };
		657791431C40DC87006FD0E9 /* Base */ = {isa = PBXFileReference; lastKnownFileType = file.storyboard; name = Base; path = Base.lproj/LaunchScreen.storyboard; sourceTree = "<group>"; };
		657791451C40DC87006FD0E9 /* Info.plist */ = {isa = PBXFileReference; lastKnownFileType = text.plist.xml; path = Info.plist; sourceTree = "<group>"; };
		6577914A1C40DC87006FD0E9 /* MyBalanceTests.xctest */ = {isa = PBXFileReference; explicitFileType = wrapper.cfbundle; includeInIndex = 0; path = MyBalanceTests.xctest; sourceTree = BUILT_PRODUCTS_DIR; };
		6577914E1C40DC87006FD0E9 /* MyBalanceTests.m */ = {isa = PBXFileReference; lastKnownFileType = sourcecode.c.objc; path = MyBalanceTests.m; sourceTree = "<group>"; };
		657791501C40DC87006FD0E9 /* Info.plist */ = {isa = PBXFileReference; lastKnownFileType = text.plist.xml; path = Info.plist; sourceTree = "<group>"; };
		657791551C40DC87006FD0E9 /* MyBalanceUITests.xctest */ = {isa = PBXFileReference; explicitFileType = wrapper.cfbundle; includeInIndex = 0; path = MyBalanceUITests.xctest; sourceTree = BUILT_PRODUCTS_DIR; };
		657791671C40EAE1006FD0E9 /* DataLoaderBoost.h */ = {isa = PBXFileReference; fileEncoding = 4; lastKnownFileType = sourcecode.c.h; path = DataLoaderBoost.h; sourceTree = "<group>"; };
		657791681C40EAE1006FD0E9 /* DataLoaderBoost.m */ = {isa = PBXFileReference; fileEncoding = 4; lastKnownFileType = sourcecode.c.objc; path = DataLoaderBoost.m; sourceTree = "<group>"; };
		6577916A1C40EBFC006FD0E9 /* DataLoader.h */ = {isa = PBXFileReference; fileEncoding = 4; lastKnownFileType = sourcecode.c.h; path = DataLoader.h; sourceTree = "<group>"; };
		6577916B1C40EBFC006FD0E9 /* DataLoader.m */ = {isa = PBXFileReference; fileEncoding = 4; lastKnownFileType = sourcecode.c.objc; path = DataLoader.m; sourceTree = "<group>"; };
		6577916D1C413A41006FD0E9 /* SafariServices.framework */ = {isa = PBXFileReference; lastKnownFileType = wrapper.framework; name = SafariServices.framework; path = System/Library/Frameworks/SafariServices.framework; sourceTree = SDKROOT; };
		657791731C41E1ED006FD0E9 /* MyBalanceWidget.appex */ = {isa = PBXFileReference; explicitFileType = "wrapper.app-extension"; includeInIndex = 0; path = MyBalanceWidget.appex; sourceTree = BUILT_PRODUCTS_DIR; };
		657791751C41E1ED006FD0E9 /* NotificationCenter.framework */ = {isa = PBXFileReference; lastKnownFileType = wrapper.framework; name = NotificationCenter.framework; path = System/Library/Frameworks/NotificationCenter.framework; sourceTree = SDKROOT; };
		657791781C41E1ED006FD0E9 /* TodayViewController.h */ = {isa = PBXFileReference; lastKnownFileType = sourcecode.c.h; path = TodayViewController.h; sourceTree = "<group>"; };
		657791791C41E1ED006FD0E9 /* TodayViewController.m */ = {isa = PBXFileReference; lastKnownFileType = sourcecode.c.objc; path = TodayViewController.m; sourceTree = "<group>"; };
		6577917C1C41E1ED006FD0E9 /* Base */ = {isa = PBXFileReference; lastKnownFileType = file.storyboard; name = Base; path = Base.lproj/MainInterface.storyboard; sourceTree = "<group>"; };
		6577917E1C41E1ED006FD0E9 /* Info.plist */ = {isa = PBXFileReference; lastKnownFileType = text.plist.xml; path = Info.plist; sourceTree = "<group>"; };
/* End PBXFileReference section */

/* Begin PBXFrameworksBuildPhase section */
		6577912E1C40DC87006FD0E9 /* Frameworks */ = {
			isa = PBXFrameworksBuildPhase;
			buildActionMask = 2147483647;
			files = (
				6577916E1C413A41006FD0E9 /* SafariServices.framework in Frameworks */,
			);
			runOnlyForDeploymentPostprocessing = 0;
		};
		657791471C40DC87006FD0E9 /* Frameworks */ = {
			isa = PBXFrameworksBuildPhase;
			buildActionMask = 2147483647;
			files = (
			);
			runOnlyForDeploymentPostprocessing = 0;
		};
		657791521C40DC87006FD0E9 /* Frameworks */ = {
			isa = PBXFrameworksBuildPhase;
			buildActionMask = 2147483647;
			files = (
			);
			runOnlyForDeploymentPostprocessing = 0;
		};
		657791701C41E1ED006FD0E9 /* Frameworks */ = {
			isa = PBXFrameworksBuildPhase;
			buildActionMask = 2147483647;
			files = (
				657791761C41E1ED006FD0E9 /* NotificationCenter.framework in Frameworks */,
			);
			runOnlyForDeploymentPostprocessing = 0;
		};
/* End PBXFrameworksBuildPhase section */

/* Begin PBXGroup section */
		657791281C40DC87006FD0E9 = {
			isa = PBXGroup;
			children = (
				657791331C40DC87006FD0E9 /* MyBalance */,
				6577914D1C40DC87006FD0E9 /* MyBalanceTests */,
				657791771C41E1ED006FD0E9 /* MyBalanceWidget */,
				657791741C41E1ED006FD0E9 /* Frameworks */,
				657791321C40DC87006FD0E9 /* Products */,
			);
			sourceTree = "<group>";
		};
		657791321C40DC87006FD0E9 /* Products */ = {
			isa = PBXGroup;
			children = (
				657791311C40DC87006FD0E9 /* MyBalance.app */,
				6577914A1C40DC87006FD0E9 /* MyBalanceTests.xctest */,
				657791551C40DC87006FD0E9 /* MyBalanceUITests.xctest */,
				657791731C41E1ED006FD0E9 /* MyBalanceWidget.appex */,
			);
			name = Products;
			sourceTree = "<group>";
		};
		657791331C40DC87006FD0E9 /* MyBalance */ = {
			isa = PBXGroup;
			children = (
				657791371C40DC87006FD0E9 /* AppDelegate.h */,
				657791381C40DC87006FD0E9 /* AppDelegate.m */,
				6577913A1C40DC87006FD0E9 /* ViewController.h */,
				6577913B1C40DC87006FD0E9 /* ViewController.m */,
				6577913D1C40DC87006FD0E9 /* Main.storyboard */,
				6577916A1C40EBFC006FD0E9 /* DataLoader.h */,
				6577916B1C40EBFC006FD0E9 /* DataLoader.m */,
				657791671C40EAE1006FD0E9 /* DataLoaderBoost.h */,
				657791681C40EAE1006FD0E9 /* DataLoaderBoost.m */,
				657791401C40DC87006FD0E9 /* Assets.xcassets */,
				657791421C40DC87006FD0E9 /* LaunchScreen.storyboard */,
				657791451C40DC87006FD0E9 /* Info.plist */,
				657791341C40DC87006FD0E9 /* Supporting Files */,
			);
			path = MyBalance;
			sourceTree = "<group>";
		};
		657791341C40DC87006FD0E9 /* Supporting Files */ = {
			isa = PBXGroup;
			children = (
				657791351C40DC87006FD0E9 /* main.m */,
			);
			name = "Supporting Files";
			sourceTree = "<group>";
		};
		6577914D1C40DC87006FD0E9 /* MyBalanceTests */ = {
			isa = PBXGroup;
			children = (
				6577914E1C40DC87006FD0E9 /* MyBalanceTests.m */,
				657791501C40DC87006FD0E9 /* Info.plist */,
			);
			path = MyBalanceTests;
			sourceTree = "<group>";
		};
		657791741C41E1ED006FD0E9 /* Frameworks */ = {
			isa = PBXGroup;
			children = (
				657791751C41E1ED006FD0E9 /* NotificationCenter.framework */,
				6577916D1C413A41006FD0E9 /* SafariServices.framework */,
			);
			name = Frameworks;
			sourceTree = "<group>";
		};
		657791771C41E1ED006FD0E9 /* MyBalanceWidget */ = {
			isa = PBXGroup;
			children = (
				657791781C41E1ED006FD0E9 /* TodayViewController.h */,
				657791791C41E1ED006FD0E9 /* TodayViewController.m */,
				6577917B1C41E1ED006FD0E9 /* MainInterface.storyboard */,
				6577917E1C41E1ED006FD0E9 /* Info.plist */,
			);
			path = MyBalanceWidget;
			sourceTree = "<group>";
		};
/* End PBXGroup section */

/* Begin PBXNativeTarget section */
		657791301C40DC87006FD0E9 /* MyBalance */ = {
			isa = PBXNativeTarget;
			buildConfigurationList = 6577915E1C40DC87006FD0E9 /* Build configuration list for PBXNativeTarget "MyBalance" */;
			buildPhases = (
				6577912D1C40DC87006FD0E9 /* Sources */,
				6577912E1C40DC87006FD0E9 /* Frameworks */,
				6577912F1C40DC87006FD0E9 /* Resources */,
				657791851C41E1ED006FD0E9 /* Embed App Extensions */,
			);
			buildRules = (
			);
			dependencies = (
				657791801C41E1ED006FD0E9 /* PBXTargetDependency */,
			);
			name = MyBalance;
			productName = MyBalance;
			productReference = 657791311C40DC87006FD0E9 /* MyBalance.app */;
			productType = "com.apple.product-type.application";
		};
		657791491C40DC87006FD0E9 /* MyBalanceTests */ = {
			isa = PBXNativeTarget;
			buildConfigurationList = 657791611C40DC87006FD0E9 /* Build configuration list for PBXNativeTarget "MyBalanceTests" */;
			buildPhases = (
				657791461C40DC87006FD0E9 /* Sources */,
				657791471C40DC87006FD0E9 /* Frameworks */,
				657791481C40DC87006FD0E9 /* Resources */,
			);
			buildRules = (
			);
			dependencies = (
				6577914C1C40DC87006FD0E9 /* PBXTargetDependency */,
			);
			name = MyBalanceTests;
			productName = MyBalanceTests;
			productReference = 6577914A1C40DC87006FD0E9 /* MyBalanceTests.xctest */;
			productType = "com.apple.product-type.bundle.unit-test";
		};
		657791541C40DC87006FD0E9 /* MyBalanceUITests */ = {
			isa = PBXNativeTarget;
			buildConfigurationList = 657791641C40DC87006FD0E9 /* Build configuration list for PBXNativeTarget "MyBalanceUITests" */;
			buildPhases = (
				657791511C40DC87006FD0E9 /* Sources */,
				657791521C40DC87006FD0E9 /* Frameworks */,
				657791531C40DC87006FD0E9 /* Resources */,
			);
			buildRules = (
			);
			dependencies = (
				657791571C40DC87006FD0E9 /* PBXTargetDependency */,
			);
			name = MyBalanceUITests;
			productName = MyBalanceUITests;
			productReference = 657791551C40DC87006FD0E9 /* MyBalanceUITests.xctest */;
			productType = "com.apple.product-type.bundle.ui-testing";
		};
		657791721C41E1ED006FD0E9 /* MyBalanceWidget */ = {
			isa = PBXNativeTarget;
			buildConfigurationList = 657791821C41E1ED006FD0E9 /* Build configuration list for PBXNativeTarget "MyBalanceWidget" */;
			buildPhases = (
				6577916F1C41E1ED006FD0E9 /* Sources */,
				657791701C41E1ED006FD0E9 /* Frameworks */,
				657791711C41E1ED006FD0E9 /* Resources */,
			);
			buildRules = (
			);
			dependencies = (
			);
			name = MyBalanceWidget;
			productName = MyBalanceWidget;
			productReference = 657791731C41E1ED006FD0E9 /* MyBalanceWidget.appex */;
			productType = "com.apple.product-type.app-extension";
		};
/* End PBXNativeTarget section */

/* Begin PBXProject section */
		657791291C40DC87006FD0E9 /* Project object */ = {
			isa = PBXProject;
			attributes = {
				LastUpgradeCheck = 0720;
				ORGANIZATIONNAME = "Tommy Sparber";
				TargetAttributes = {
					657791301C40DC87006FD0E9 = {
						CreatedOnToolsVersion = 7.2;
						DevelopmentTeam = LRZ9ZPUQG8;
					};
					657791491C40DC87006FD0E9 = {
						CreatedOnToolsVersion = 7.2;
						TestTargetID = 657791301C40DC87006FD0E9;
					};
					657791541C40DC87006FD0E9 = {
						CreatedOnToolsVersion = 7.2;
						TestTargetID = 657791301C40DC87006FD0E9;
					};
					657791721C41E1ED006FD0E9 = {
						CreatedOnToolsVersion = 7.2;
						DevelopmentTeam = LRZ9ZPUQG8;
					};
				};
			};
			buildConfigurationList = 6577912C1C40DC87006FD0E9 /* Build configuration list for PBXProject "MyBalance" */;
			compatibilityVersion = "Xcode 3.2";
			developmentRegion = English;
			hasScannedForEncodings = 0;
			knownRegions = (
				en,
				Base,
			);
			mainGroup = 657791281C40DC87006FD0E9;
			productRefGroup = 657791321C40DC87006FD0E9 /* Products */;
			projectDirPath = "";
			projectRoot = "";
			targets = (
				657791301C40DC87006FD0E9 /* MyBalance */,
				657791491C40DC87006FD0E9 /* MyBalanceTests */,
				657791541C40DC87006FD0E9 /* MyBalanceUITests */,
				657791721C41E1ED006FD0E9 /* MyBalanceWidget */,
			);
		};
/* End PBXProject section */

/* Begin PBXResourcesBuildPhase section */
		6577912F1C40DC87006FD0E9 /* Resources */ = {
			isa = PBXResourcesBuildPhase;
			buildActionMask = 2147483647;
			files = (
				657791441C40DC87006FD0E9 /* LaunchScreen.storyboard in Resources */,
				657791411C40DC87006FD0E9 /* Assets.xcassets in Resources */,
				6577913F1C40DC87006FD0E9 /* Main.storyboard in Resources */,
			);
			runOnlyForDeploymentPostprocessing = 0;
		};
		657791481C40DC87006FD0E9 /* Resources */ = {
			isa = PBXResourcesBuildPhase;
			buildActionMask = 2147483647;
			files = (
			);
			runOnlyForDeploymentPostprocessing = 0;
		};
		657791531C40DC87006FD0E9 /* Resources */ = {
			isa = PBXResourcesBuildPhase;
			buildActionMask = 2147483647;
			files = (
			);
			runOnlyForDeploymentPostprocessing = 0;
		};
		657791711C41E1ED006FD0E9 /* Resources */ = {
			isa = PBXResourcesBuildPhase;
			buildActionMask = 2147483647;
			files = (
				6577917D1C41E1ED006FD0E9 /* MainInterface.storyboard in Resources */,
			);
			runOnlyForDeploymentPostprocessing = 0;
		};
/* End PBXResourcesBuildPhase section */

/* Begin PBXSourcesBuildPhase section */
		6577912D1C40DC87006FD0E9 /* Sources */ = {
			isa = PBXSourcesBuildPhase;
			buildActionMask = 2147483647;
			files = (
				657791691C40EAE1006FD0E9 /* DataLoaderBoost.m in Sources */,
				6577913C1C40DC87006FD0E9 /* ViewController.m in Sources */,
				657791391C40DC87006FD0E9 /* AppDelegate.m in Sources */,
				657791361C40DC87006FD0E9 /* main.m in Sources */,
				6577916C1C40EBFC006FD0E9 /* DataLoader.m in Sources */,
			);
			runOnlyForDeploymentPostprocessing = 0;
		};
		657791461C40DC87006FD0E9 /* Sources */ = {
			isa = PBXSourcesBuildPhase;
			buildActionMask = 2147483647;
			files = (
				6577914F1C40DC87006FD0E9 /* MyBalanceTests.m in Sources */,
			);
			runOnlyForDeploymentPostprocessing = 0;
		};
		657791511C40DC87006FD0E9 /* Sources */ = {
			isa = PBXSourcesBuildPhase;
			buildActionMask = 2147483647;
			files = (
			);
			runOnlyForDeploymentPostprocessing = 0;
		};
		6577916F1C41E1ED006FD0E9 /* Sources */ = {
			isa = PBXSourcesBuildPhase;
			buildActionMask = 2147483647;
			files = (
				657791871C426B36006FD0E9 /* DataLoader.m in Sources */,
				657791861C426B15006FD0E9 /* DataLoaderBoost.m in Sources */,
				6577917A1C41E1ED006FD0E9 /* TodayViewController.m in Sources */,
			);
			runOnlyForDeploymentPostprocessing = 0;
		};
/* End PBXSourcesBuildPhase section */

/* Begin PBXTargetDependency section */
		6577914C1C40DC87006FD0E9 /* PBXTargetDependency */ = {
			isa = PBXTargetDependency;
			target = 657791301C40DC87006FD0E9 /* MyBalance */;
			targetProxy = 6577914B1C40DC87006FD0E9 /* PBXContainerItemProxy */;
		};
		657791571C40DC87006FD0E9 /* PBXTargetDependency */ = {
			isa = PBXTargetDependency;
			target = 657791301C40DC87006FD0E9 /* MyBalance */;
			targetProxy = 657791561C40DC87006FD0E9 /* PBXContainerItemProxy */;
		};
		657791801C41E1ED006FD0E9 /* PBXTargetDependency */ = {
			isa = PBXTargetDependency;
			target = 657791721C41E1ED006FD0E9 /* MyBalanceWidget */;
			targetProxy = 6577917F1C41E1ED006FD0E9 /* PBXContainerItemProxy */;
		};
/* End PBXTargetDependency section */

/* Begin PBXVariantGroup section */
		6577913D1C40DC87006FD0E9 /* Main.storyboard */ = {
			isa = PBXVariantGroup;
			children = (
				6577913E1C40DC87006FD0E9 /* Base */,
			);
			name = Main.storyboard;
			sourceTree = "<group>";
		};
		657791421C40DC87006FD0E9 /* LaunchScreen.storyboard */ = {
			isa = PBXVariantGroup;
			children = (
				657791431C40DC87006FD0E9 /* Base */,
			);
			name = LaunchScreen.storyboard;
			sourceTree = "<group>";
		};
		6577917B1C41E1ED006FD0E9 /* MainInterface.storyboard */ = {
			isa = PBXVariantGroup;
			children = (
				6577917C1C41E1ED006FD0E9 /* Base */,
			);
			name = MainInterface.storyboard;
			sourceTree = "<group>";
		};
/* End PBXVariantGroup section */

/* Begin XCBuildConfiguration section */
		6577915C1C40DC87006FD0E9 /* Debug */ = {
			isa = XCBuildConfiguration;
			buildSettings = {
				ALWAYS_SEARCH_USER_PATHS = NO;
				CLANG_CXX_LANGUAGE_STANDARD = "gnu++0x";
				CLANG_CXX_LIBRARY = "libc++";
				CLANG_ENABLE_MODULES = YES;
				CLANG_ENABLE_OBJC_ARC = YES;
				CLANG_WARN_BOOL_CONVERSION = YES;
				CLANG_WARN_CONSTANT_CONVERSION = YES;
				CLANG_WARN_DIRECT_OBJC_ISA_USAGE = YES_ERROR;
				CLANG_WARN_EMPTY_BODY = YES;
				CLANG_WARN_ENUM_CONVERSION = YES;
				CLANG_WARN_INT_CONVERSION = YES;
				CLANG_WARN_OBJC_ROOT_CLASS = YES_ERROR;
				CLANG_WARN_UNREACHABLE_CODE = YES;
				CLANG_WARN__DUPLICATE_METHOD_MATCH = YES;
				"CODE_SIGN_IDENTITY[sdk=iphoneos*]" = "iPhone Developer";
				COPY_PHASE_STRIP = NO;
				DEBUG_INFORMATION_FORMAT = dwarf;
				ENABLE_STRICT_OBJC_MSGSEND = YES;
				ENABLE_TESTABILITY = YES;
				GCC_C_LANGUAGE_STANDARD = gnu99;
				GCC_DYNAMIC_NO_PIC = NO;
				GCC_NO_COMMON_BLOCKS = YES;
				GCC_OPTIMIZATION_LEVEL = 0;
				GCC_PREPROCESSOR_DEFINITIONS = (
					"DEBUG=1",
					"$(inherited)",
				);
				GCC_WARN_64_TO_32_BIT_CONVERSION = YES;
				GCC_WARN_ABOUT_RETURN_TYPE = YES_ERROR;
				GCC_WARN_UNDECLARED_SELECTOR = YES;
				GCC_WARN_UNINITIALIZED_AUTOS = YES_AGGRESSIVE;
				GCC_WARN_UNUSED_FUNCTION = YES;
				GCC_WARN_UNUSED_VARIABLE = YES;
				IPHONEOS_DEPLOYMENT_TARGET = 9.2;
				MTL_ENABLE_DEBUG_INFO = YES;
				ONLY_ACTIVE_ARCH = YES;
				SDKROOT = iphoneos;
				TARGETED_DEVICE_FAMILY = "1,2";
				WARNING_CFLAGS = (
					"-Wall",
					"-Werror",
				);
			};
			name = Debug;
		};
		6577915D1C40DC87006FD0E9 /* Release */ = {
			isa = XCBuildConfiguration;
			buildSettings = {
				ALWAYS_SEARCH_USER_PATHS = NO;
				CLANG_CXX_LANGUAGE_STANDARD = "gnu++0x";
				CLANG_CXX_LIBRARY = "libc++";
				CLANG_ENABLE_MODULES = YES;
				CLANG_ENABLE_OBJC_ARC = YES;
				CLANG_WARN_BOOL_CONVERSION = YES;
				CLANG_WARN_CONSTANT_CONVERSION = YES;
				CLANG_WARN_DIRECT_OBJC_ISA_USAGE = YES_ERROR;
				CLANG_WARN_EMPTY_BODY = YES;
				CLANG_WARN_ENUM_CONVERSION = YES;
				CLANG_WARN_INT_CONVERSION = YES;
				CLANG_WARN_OBJC_ROOT_CLASS = YES_ERROR;
				CLANG_WARN_UNREACHABLE_CODE = YES;
				CLANG_WARN__DUPLICATE_METHOD_MATCH = YES;
				"CODE_SIGN_IDENTITY[sdk=iphoneos*]" = "iPhone Developer";
				COPY_PHASE_STRIP = NO;
				DEBUG_INFORMATION_FORMAT = "dwarf-with-dsym";
				ENABLE_NS_ASSERTIONS = NO;
				ENABLE_STRICT_OBJC_MSGSEND = YES;
				GCC_C_LANGUAGE_STANDARD = gnu99;
				GCC_NO_COMMON_BLOCKS = YES;
				GCC_WARN_64_TO_32_BIT_CONVERSION = YES;
				GCC_WARN_ABOUT_RETURN_TYPE = YES_ERROR;
				GCC_WARN_UNDECLARED_SELECTOR = YES;
				GCC_WARN_UNINITIALIZED_AUTOS = YES_AGGRESSIVE;
				GCC_WARN_UNUSED_FUNCTION = YES;
				GCC_WARN_UNUSED_VARIABLE = YES;
				IPHONEOS_DEPLOYMENT_TARGET = 9.2;
				MTL_ENABLE_DEBUG_INFO = NO;
				SDKROOT = iphoneos;
				TARGETED_DEVICE_FAMILY = "1,2";
				VALIDATE_PRODUCT = YES;
				WARNING_CFLAGS = (
					"-Wall",
					"-Werror",
				);
			};
			name = Release;
		};
		6577915F1C40DC87006FD0E9 /* Debug */ = {
			isa = XCBuildConfiguration;
			buildSettings = {
				ASSETCATALOG_COMPILER_APPICON_NAME = AppIcon;
				CODE_SIGN_IDENTITY = "iPhone Developer";
				"CODE_SIGN_IDENTITY[sdk=iphoneos*]" = "iPhone Developer";
				INFOPLIST_FILE = MyBalance/Info.plist;
				IPHONEOS_DEPLOYMENT_TARGET = 9.0;
				LD_RUNPATH_SEARCH_PATHS = "$(inherited) @executable_path/Frameworks";
				PRODUCT_BUNDLE_IDENTIFIER = net.sparber.MyBalance;
				PRODUCT_NAME = "$(TARGET_NAME)";
				PROVISIONING_PROFILE = "";
			};
			name = Debug;
		};
		657791601C40DC87006FD0E9 /* Release */ = {
			isa = XCBuildConfiguration;
			buildSettings = {
				ASSETCATALOG_COMPILER_APPICON_NAME = AppIcon;
				CODE_SIGN_IDENTITY = "iPhone Developer";
				"CODE_SIGN_IDENTITY[sdk=iphoneos*]" = "iPhone Developer";
				INFOPLIST_FILE = MyBalance/Info.plist;
				IPHONEOS_DEPLOYMENT_TARGET = 9.0;
				LD_RUNPATH_SEARCH_PATHS = "$(inherited) @executable_path/Frameworks";
				PRODUCT_BUNDLE_IDENTIFIER = net.sparber.MyBalance;
				PRODUCT_NAME = "$(TARGET_NAME)";
				PROVISIONING_PROFILE = "";
			};
			name = Release;
		};
		657791621C40DC87006FD0E9 /* Debug */ = {
			isa = XCBuildConfiguration;
			buildSettings = {
				BUNDLE_LOADER = "$(TEST_HOST)";
				INFOPLIST_FILE = MyBalanceTests/Info.plist;
				LD_RUNPATH_SEARCH_PATHS = "$(inherited) @executable_path/Frameworks @loader_path/Frameworks";
				PRODUCT_BUNDLE_IDENTIFIER = net.sparber.MyBalanceTests;
				PRODUCT_NAME = "$(TARGET_NAME)";
				TEST_HOST = "$(BUILT_PRODUCTS_DIR)/MyBalance.app/MyBalance";
			};
			name = Debug;
		};
		657791631C40DC87006FD0E9 /* Release */ = {
			isa = XCBuildConfiguration;
			buildSettings = {
				BUNDLE_LOADER = "$(TEST_HOST)";
				INFOPLIST_FILE = MyBalanceTests/Info.plist;
				LD_RUNPATH_SEARCH_PATHS = "$(inherited) @executable_path/Frameworks @loader_path/Frameworks";
				PRODUCT_BUNDLE_IDENTIFIER = net.sparber.MyBalanceTests;
				PRODUCT_NAME = "$(TARGET_NAME)";
				TEST_HOST = "$(BUILT_PRODUCTS_DIR)/MyBalance.app/MyBalance";
			};
			name = Release;
		};
		657791651C40DC87006FD0E9 /* Debug */ = {
			isa = XCBuildConfiguration;
			buildSettings = {
				INFOPLIST_FILE = MyBalanceUITests/Info.plist;
				LD_RUNPATH_SEARCH_PATHS = "$(inherited) @executable_path/Frameworks @loader_path/Frameworks";
				PRODUCT_BUNDLE_IDENTIFIER = net.sparber.MyBalanceUITests;
				PRODUCT_NAME = "$(TARGET_NAME)";
				TEST_TARGET_NAME = MyBalance;
				USES_XCTRUNNER = YES;
			};
			name = Debug;
		};
		657791661C40DC87006FD0E9 /* Release */ = {
			isa = XCBuildConfiguration;
			buildSettings = {
				INFOPLIST_FILE = MyBalanceUITests/Info.plist;
				LD_RUNPATH_SEARCH_PATHS = "$(inherited) @executable_path/Frameworks @loader_path/Frameworks";
				PRODUCT_BUNDLE_IDENTIFIER = net.sparber.MyBalanceUITests;
				PRODUCT_NAME = "$(TARGET_NAME)";
				TEST_TARGET_NAME = MyBalance;
				USES_XCTRUNNER = YES;
			};
			name = Release;
		};
		657791831C41E1ED006FD0E9 /* Debug */ = {
			isa = XCBuildConfiguration;
			buildSettings = {
				CODE_SIGN_IDENTITY = "iPhone Developer";
				"CODE_SIGN_IDENTITY[sdk=iphoneos*]" = "iPhone Developer";
				INFOPLIST_FILE = MyBalanceWidget/Info.plist;
				IPHONEOS_DEPLOYMENT_TARGET = 9.0;
				LD_RUNPATH_SEARCH_PATHS = "$(inherited) @executable_path/Frameworks @executable_path/../../Frameworks";
				PRODUCT_BUNDLE_IDENTIFIER = net.sparber.MyBalance.MyBalanceWidget;
				PRODUCT_NAME = "$(TARGET_NAME)";
				SKIP_INSTALL = YES;
			};
			name = Debug;
		};
		657791841C41E1ED006FD0E9 /* Release */ = {
			isa = XCBuildConfiguration;
			buildSettings = {
				CODE_SIGN_IDENTITY = "iPhone Developer";
				"CODE_SIGN_IDENTITY[sdk=iphoneos*]" = "iPhone Developer";
				INFOPLIST_FILE = MyBalanceWidget/Info.plist;
				IPHONEOS_DEPLOYMENT_TARGET = 9.0;
				LD_RUNPATH_SEARCH_PATHS = "$(inherited) @executable_path/Frameworks @executable_path/../../Frameworks";
				PRODUCT_BUNDLE_IDENTIFIER = net.sparber.MyBalance.MyBalanceWidget;
				PRODUCT_NAME = "$(TARGET_NAME)";
				SKIP_INSTALL = YES;
			};
			name = Release;
		};
/* End XCBuildConfiguration section */

/* Begin XCConfigurationList section */
		6577912C1C40DC87006FD0E9 /* Build configuration list for PBXProject "MyBalance" */ = {
			isa = XCConfigurationList;
			buildConfigurations = (
				6577915C1C40DC87006FD0E9 /* Debug */,
				6577915D1C40DC87006FD0E9 /* Release */,
			);
			defaultConfigurationIsVisible = 0;
			defaultConfigurationName = Release;
		};
		6577915E1C40DC87006FD0E9 /* Build configuration list for PBXNativeTarget "MyBalance" */ = {
			isa = XCConfigurationList;
			buildConfigurations = (
				6577915F1C40DC87006FD0E9 /* Debug */,
				657791601C40DC87006FD0E9 /* Release */,
			);
			defaultConfigurationIsVisible = 0;
			defaultConfigurationName = Release;
		};
		657791611C40DC87006FD0E9 /* Build configuration list for PBXNativeTarget "MyBalanceTests" */ = {
			isa = XCConfigurationList;
			buildConfigurations = (
				657791621C40DC87006FD0E9 /* Debug */,
				657791631C40DC87006FD0E9 /* Release */,
			);
			defaultConfigurationIsVisible = 0;
			defaultConfigurationName = Release;
		};
		657791641C40DC87006FD0E9 /* Build configuration list for PBXNativeTarget "MyBalanceUITests" */ = {
			isa = XCConfigurationList;
			buildConfigurations = (
				657791651C40DC87006FD0E9 /* Debug */,
				657791661C40DC87006FD0E9 /* Release */,
			);
			defaultConfigurationIsVisible = 0;
			defaultConfigurationName = Release;
		};
		657791821C41E1ED006FD0E9 /* Build configuration list for PBXNativeTarget "MyBalanceWidget" */ = {
			isa = XCConfigurationList;
			buildConfigurations = (
				657791831C41E1ED006FD0E9 /* Debug */,
				657791841C41E1ED006FD0E9 /* Release */,
			);
			defaultConfigurationIsVisible = 0;
			defaultConfigurationName = Release;
		};
/* End XCConfigurationList section */
	};
	rootObject = 657791291C40DC87006FD0E9 /* Project object */;
}
